
Microsoft Visual Studio Solution File, Format Version 12.00
# Visual Studio Version 17
VisualStudioVersion = 17.3.32825.248
MinimumVisualStudioVersion = 10.0.40219.1
Project("{FAE04EC0-301F-11D3-BF4B-00C04F79EFBC}") = "APITarefas2", "APITarefas2\APITarefas2.csproj", "{842541D1-C3AB-48C2-B2AB-D52A6F2435EA}"
EndProject
Global
	GlobalSection(SolutionConfigurationPlatforms) = preSolution
		Debug|Any CPU = Debug|Any CPU
		Release|Any CPU = Release|Any CPU
	EndGlobalSection
	GlobalSection(ProjectConfigurationPlatforms) = postSolution
		{842541D1-C3AB-48C2-B2AB-D52A6F2435EA}.Debug|Any CPU.ActiveCfg = Debug|Any CPU
		{842541D1-C3AB-48C2-B2AB-D52A6F2435EA}.Debug|Any CPU.Build.0 = Debug|Any CPU
		{842541D1-C3AB-48C2-B2AB-D52A6F2435EA}.Release|Any CPU.ActiveCfg = Release|Any CPU
		{842541D1-C3AB-48C2-B2AB-D52A6F2435EA}.Release|Any CPU.Build.0 = Release|Any CPU
	EndGlobalSection
	GlobalSection(SolutionProperties) = preSolution
		HideSolutionNode = FALSE
	EndGlobalSection
	GlobalSection(ExtensibilityGlobals) = postSolution
		SolutionGuid = {D15A7CD1-B3DA-47C8-9A5A-946D397AB781}
	EndGlobalSection
EndGlobal
